
Microsoft Visual Studio Solution File, Format Version 12.00
# Visual Studio Version 17
VisualStudioVersion = 17.9.34723.18
MinimumVisualStudioVersion = 10.0.40219.1
Project("{FAE04EC0-301F-11D3-BF4B-00C04F79EFBC}") = "GodMode16", "GodMode16\GodMode16.csproj", "{D8D92355-DE85-4E17-95CC-98E2460C742A}"
EndProject
Global
	GlobalSection(SolutionConfigurationPlatforms) = preSolution
		Debug|Any CPU = Debug|Any CPU
		Release|Any CPU = Release|Any CPU
	EndGlobalSection
	GlobalSection(ProjectConfigurationPlatforms) = postSolution
		{D8D92355-DE85-4E17-95CC-98E2460C742A}.Debug|Any CPU.ActiveCfg = Debug|Any CPU
		{D8D92355-DE85-4E17-95CC-98E2460C742A}.Debug|Any CPU.Build.0 = Debug|Any CPU
		{D8D92355-DE85-4E17-95CC-98E2460C742A}.Release|Any CPU.ActiveCfg = Release|Any CPU
		{D8D92355-DE85-4E17-95CC-98E2460C742A}.Release|Any CPU.Build.0 = Release|Any CPU
	EndGlobalSection
	GlobalSection(SolutionProperties) = preSolution
		HideSolutionNode = FALSE
	EndGlobalSection
	GlobalSection(ExtensibilityGlobals) = postSolution
		SolutionGuid = {AB7FF5BB-55F4-4004-9544-87465803CFB6}
	EndGlobalSection
EndGlobal
